// !$*UTF8*$!
{
	archiveVersion = 1;
	classes = {
	};
	objectVersion = 51;
	objects = {

/* Begin PBXBuildFile section */
		4F8B13CF2633415B9D5E3B9C /* Pods_FlixterApp.framework in Frameworks */ = {isa = PBXBuildFile; fileRef = CCD6769D107DE81FA874467E /* Pods_FlixterApp.framework */; };
		59AC726225DD5B2600D07554 /* AppDelegate.swift in Sources */ = {isa = PBXBuildFile; fileRef = 59AC726125DD5B2600D07554 /* AppDelegate.swift */; };
		59AC726425DD5B2600D07554 /* SceneDelegate.swift in Sources */ = {isa = PBXBuildFile; fileRef = 59AC726325DD5B2600D07554 /* SceneDelegate.swift */; };
		59AC726925DD5B2600D07554 /* Main.storyboard in Resources */ = {isa = PBXBuildFile; fileRef = 59AC726725DD5B2600D07554 /* Main.storyboard */; };
		59AC726B25DD5B2A00D07554 /* Assets.xcassets in Resources */ = {isa = PBXBuildFile; fileRef = 59AC726A25DD5B2A00D07554 /* Assets.xcassets */; };
		59AC726E25DD5B2A00D07554 /* LaunchScreen.storyboard in Resources */ = {isa = PBXBuildFile; fileRef = 59AC726C25DD5B2A00D07554 /* LaunchScreen.storyboard */; };
		59AC727625DD5B8C00D07554 /* MoviesViewController.swift in Sources */ = {isa = PBXBuildFile; fileRef = 59AC727525DD5B8C00D07554 /* MoviesViewController.swift */; };
		59AC727825DD61D700D07554 /* MovieCell.swift in Sources */ = {isa = PBXBuildFile; fileRef = 59AC727725DD61D700D07554 /* MovieCell.swift */; };
		59AC727A25DEFC7400D07554 /* MovieDetailsViewController.swift in Sources */ = {isa = PBXBuildFile; fileRef = 59AC727925DEFC7400D07554 /* MovieDetailsViewController.swift */; };
		59AC727C25DF159600D07554 /* MovieGridViewController.swift in Sources */ = {isa = PBXBuildFile; fileRef = 59AC727B25DF159600D07554 /* MovieGridViewController.swift */; };
		59AC727E25E00BF100D07554 /* MovieGridCell.swift in Sources */ = {isa = PBXBuildFile; fileRef = 59AC727D25E00BF100D07554 /* MovieGridCell.swift */; };
/* End PBXBuildFile section */

/* Begin PBXFileReference section */
		59AC725E25DD5B2600D07554 /* FlixterApp.app */ = {isa = PBXFileReference; explicitFileType = wrapper.application; includeInIndex = 0; path = FlixterApp.app; sourceTree = BUILT_PRODUCTS_DIR; };
		59AC726125DD5B2600D07554 /* AppDelegate.swift */ = {isa = PBXFileReference; lastKnownFileType = sourcecode.swift; path = AppDelegate.swift; sourceTree = "<group>"; };
		59AC726325DD5B2600D07554 /* SceneDelegate.swift */ = {isa = PBXFileReference; lastKnownFileType = sourcecode.swift; path = SceneDelegate.swift; sourceTree = "<group>"; };
		59AC726825DD5B2600D07554 /* Base */ = {isa = PBXFileReference; lastKnownFileType = file.storyboard; name = Base; path = Base.lproj/Main.storyboard; sourceTree = "<group>"; };
		59AC726A25DD5B2A00D07554 /* Assets.xcassets */ = {isa = PBXFileReference; lastKnownFileType = folder.assetcatalog; path = Assets.xcassets; sourceTree = "<group>"; };
		59AC726D25DD5B2A00D07554 /* Base */ = {isa = PBXFileReference; lastKnownFileType = file.storyboard; name = Base; path = Base.lproj/LaunchScreen.storyboard; sourceTree = "<group>"; };
		59AC726F25DD5B2A00D07554 /* Info.plist */ = {isa = PBXFileReference; lastKnownFileType = text.plist.xml; path = Info.plist; sourceTree = "<group>"; };
		59AC727525DD5B8C00D07554 /* MoviesViewController.swift */ = {isa = PBXFileReference; lastKnownFileType = sourcecode.swift; path = MoviesViewController.swift; sourceTree = "<group>"; };
		59AC727725DD61D700D07554 /* MovieCell.swift */ = {isa = PBXFileReference; lastKnownFileType = sourcecode.swift; path = MovieCell.swift; sourceTree = "<group>"; };
		59AC727925DEFC7400D07554 /* MovieDetailsViewController.swift */ = {isa = PBXFileReference; lastKnownFileType = sourcecode.swift; path = MovieDetailsViewController.swift; sourceTree = "<group>"; };
		59AC727B25DF159600D07554 /* MovieGridViewController.swift */ = {isa = PBXFileReference; lastKnownFileType = sourcecode.swift; path = MovieGridViewController.swift; sourceTree = "<group>"; };
		59AC727D25E00BF100D07554 /* MovieGridCell.swift */ = {isa = PBXFileReference; lastKnownFileType = sourcecode.swift; path = MovieGridCell.swift; sourceTree = "<group>"; };
		7144F28D996C8F3D44A7EAA7 /* Pods-FlixterApp.debug.xcconfig */ = {isa = PBXFileReference; includeInIndex = 1; lastKnownFileType = text.xcconfig; name = "Pods-FlixterApp.debug.xcconfig"; path = "Target Support Files/Pods-FlixterApp/Pods-FlixterApp.debug.xcconfig"; sourceTree = "<group>"; };
		CCD6769D107DE81FA874467E /* Pods_FlixterApp.framework */ = {isa = PBXFileReference; explicitFileType = wrapper.framework; includeInIndex = 0; path = Pods_FlixterApp.framework; sourceTree = BUILT_PRODUCTS_DIR; };
		E4C485EA108D13FBD76C8676 /* Pods-FlixterApp.release.xcconfig */ = {isa = PBXFileReference; includeInIndex = 1; lastKnownFileType = text.xcconfig; name = "Pods-FlixterApp.release.xcconfig"; path = "Target Support Files/Pods-FlixterApp/Pods-FlixterApp.release.xcconfig"; sourceTree = "<group>"; };
/* End PBXFileReference section */

/* Begin PBXFrameworksBuildPhase section */
		59AC725B25DD5B2600D07554 /* Frameworks */ = {
			isa = PBXFrameworksBuildPhase;
			buildActionMask = 2147483647;
			files = (
				4F8B13CF2633415B9D5E3B9C /* Pods_FlixterApp.framework in Frameworks */,
			);
			runOnlyForDeploymentPostprocessing = 0;
		};
/* End PBXFrameworksBuildPhase section */

/* Begin PBXGroup section */
		0672307D03A2797A069E977E /* Pods */ = {
			isa = PBXGroup;
			children = (
				7144F28D996C8F3D44A7EAA7 /* Pods-FlixterApp.debug.xcconfig */,
				E4C485EA108D13FBD76C8676 /* Pods-FlixterApp.release.xcconfig */,
			);
			path = Pods;
			sourceTree = "<group>";
		};
		59AC725525DD5B2600D07554 = {
			isa = PBXGroup;
			children = (
				59AC726025DD5B2600D07554 /* FlixterApp */,
				59AC725F25DD5B2600D07554 /* Products */,
				0672307D03A2797A069E977E /* Pods */,
				A22AEC772AA1F869F22CCF80 /* Frameworks */,
			);
			sourceTree = "<group>";
		};
		59AC725F25DD5B2600D07554 /* Products */ = {
			isa = PBXGroup;
			children = (
				59AC725E25DD5B2600D07554 /* FlixterApp.app */,
			);
			name = Products;
			sourceTree = "<group>";
		};
		59AC726025DD5B2600D07554 /* FlixterApp */ = {
			isa = PBXGroup;
			children = (
				59AC726125DD5B2600D07554 /* AppDelegate.swift */,
				59AC726325DD5B2600D07554 /* SceneDelegate.swift */,
				59AC726725DD5B2600D07554 /* Main.storyboard */,
				59AC726A25DD5B2A00D07554 /* Assets.xcassets */,
				59AC726C25DD5B2A00D07554 /* LaunchScreen.storyboard */,
				59AC726F25DD5B2A00D07554 /* Info.plist */,
				59AC727525DD5B8C00D07554 /* MoviesViewController.swift */,
				59AC727725DD61D700D07554 /* MovieCell.swift */,
				59AC727925DEFC7400D07554 /* MovieDetailsViewController.swift */,
				59AC727B25DF159600D07554 /* MovieGridViewController.swift */,
				59AC727D25E00BF100D07554 /* MovieGridCell.swift */,
			);
			path = FlixterApp;
			sourceTree = "<group>";
		};
		A22AEC772AA1F869F22CCF80 /* Frameworks */ = {
			isa = PBXGroup;
			children = (
				CCD6769D107DE81FA874467E /* Pods_FlixterApp.framework */,
			);
			name = Frameworks;
			sourceTree = "<group>";
		};
/* End PBXGroup section */

/* Begin PBXNativeTarget section */
		59AC725D25DD5B2600D07554 /* FlixterApp */ = {
			isa = PBXNativeTarget;
			buildConfigurationList = 59AC727225DD5B2A00D07554 /* Build configuration list for PBXNativeTarget "FlixterApp" */;
			buildPhases = (
				952940DE0100FDBDC8E5699A /* [CP] Check Pods Manifest.lock */,
				59AC725A25DD5B2600D07554 /* Sources */,
				59AC725B25DD5B2600D07554 /* Frameworks */,
				59AC725C25DD5B2600D07554 /* Resources */,
				BB5B7EA262DC9977734DD131 /* [CP] Embed Pods Frameworks */,
			);
			buildRules = (
			);
			dependencies = (
			);
			name = FlixterApp;
			productName = FlixterApp;
			productReference = 59AC725E25DD5B2600D07554 /* FlixterApp.app */;
			productType = "com.apple.product-type.application";
		};
/* End PBXNativeTarget section */

/* Begin PBXProject section */
		59AC725625DD5B2600D07554 /* Project object */ = {
			isa = PBXProject;
			attributes = {
				LastSwiftUpdateCheck = 1160;
				LastUpgradeCheck = 1160;
				ORGANIZATIONNAME = "Ceyda Iyimaya";
				TargetAttributes = {
					59AC725D25DD5B2600D07554 = {
						CreatedOnToolsVersion = 11.6;
					};
				};
			};
			buildConfigurationList = 59AC725925DD5B2600D07554 /* Build configuration list for PBXProject "FlixterApp" */;
			compatibilityVersion = "Xcode 9.3";
			developmentRegion = en;
			hasScannedForEncodings = 0;
			knownRegions = (
				en,
				Base,
			);
			mainGroup = 59AC725525DD5B2600D07554;
			productRefGroup = 59AC725F25DD5B2600D07554 /* Products */;
			projectDirPath = "";
			projectRoot = "";
			targets = (
				59AC725D25DD5B2600D07554 /* FlixterApp */,
			);
		};
/* End PBXProject section */

/* Begin PBXResourcesBuildPhase section */
		59AC725C25DD5B2600D07554 /* Resources */ = {
			isa = PBXResourcesBuildPhase;
			buildActionMask = 2147483647;
			files = (
				59AC726E25DD5B2A00D07554 /* LaunchScreen.storyboard in Resources */,
				59AC726B25DD5B2A00D07554 /* Assets.xcassets in Resources */,
				59AC726925DD5B2600D07554 /* Main.storyboard in Resources */,
			);
			runOnlyForDeploymentPostprocessing = 0;
		};
/* End PBXResourcesBuildPhase section */

/* Begin PBXShellScriptBuildPhase section */
		952940DE0100FDBDC8E5699A /* [CP] Check Pods Manifest.lock */ = {
			isa = PBXShellScriptBuildPhase;
			buildActionMask = 2147483647;
			files = (
			);
			inputFileListPaths = (
			);
			inputPaths = (
				"${PODS_PODFILE_DIR_PATH}/Podfile.lock",
				"${PODS_ROOT}/Manifest.lock",
			);
			name = "[CP] Check Pods Manifest.lock";
			outputFileListPaths = (
			);
			outputPaths = (
				"$(DERIVED_FILE_DIR)/Pods-FlixterApp-checkManifestLockResult.txt",
			);
			runOnlyForDeploymentPostprocessing = 0;
			shellPath = /bin/sh;
			shellScript = "diff \"${PODS_PODFILE_DIR_PATH}/Podfile.lock\" \"${PODS_ROOT}/Manifest.lock\" > /dev/null\nif [ $? != 0 ] ; then\n    # print error to STDERR\n    echo \"error: The sandbox is not in sync with the Podfile.lock. Run 'pod install' or update your CocoaPods installation.\" >&2\n    exit 1\nfi\n# This output is used by Xcode 'outputs' to avoid re-running this script phase.\necho \"SUCCESS\" > \"${SCRIPT_OUTPUT_FILE_0}\"\n";
			showEnvVarsInLog = 0;
		};
		BB5B7EA262DC9977734DD131 /* [CP] Embed Pods Frameworks */ = {
			isa = PBXShellScriptBuildPhase;
			buildActionMask = 2147483647;
			files = (
			);
			inputFileListPaths = (
				"${PODS_ROOT}/Target Support Files/Pods-FlixterApp/Pods-FlixterApp-frameworks-${CONFIGURATION}-input-files.xcfilelist",
			);
			name = "[CP] Embed Pods Frameworks";
			outputFileListPaths = (
				"${PODS_ROOT}/Target Support Files/Pods-FlixterApp/Pods-FlixterApp-frameworks-${CONFIGURATION}-output-files.xcfilelist",
			);
			runOnlyForDeploymentPostprocessing = 0;
			shellPath = /bin/sh;
			shellScript = "\"${PODS_ROOT}/Target Support Files/Pods-FlixterApp/Pods-FlixterApp-frameworks.sh\"\n";
			showEnvVarsInLog = 0;
		};
/* End PBXShellScriptBuildPhase section */

/* Begin PBXSourcesBuildPhase section */
		59AC725A25DD5B2600D07554 /* Sources */ = {
			isa = PBXSourcesBuildPhase;
			buildActionMask = 2147483647;
			files = (
				59AC727A25DEFC7400D07554 /* MovieDetailsViewController.swift in Sources */,
				59AC726225DD5B2600D07554 /* AppDelegate.swift in Sources */,
				59AC726425DD5B2600D07554 /* SceneDelegate.swift in Sources */,
				59AC727825DD61D700D07554 /* MovieCell.swift in Sources */,
				59AC727625DD5B8C00D07554 /* MoviesViewController.swift in Sources */,
				59AC727C25DF159600D07554 /* MovieGridViewController.swift in Sources */,
				59AC727E25E00BF100D07554 /* MovieGridCell.swift in Sources */,
			);
			runOnlyForDeploymentPostprocessing = 0;
		};
/* End PBXSourcesBuildPhase section */

/* Begin PBXVariantGroup section */
		59AC726725DD5B2600D07554 /* Main.storyboard */ = {
			isa = PBXVariantGroup;
			children = (
				59AC726825DD5B2600D07554 /* Base */,
			);
			name = Main.storyboard;
			sourceTree = "<group>";
		};
		59AC726C25DD5B2A00D07554 /* LaunchScreen.storyboard */ = {
			isa = PBXVariantGroup;
			children = (
				59AC726D25DD5B2A00D07554 /* Base */,
			);
			name = LaunchScreen.storyboard;
			sourceTree = "<group>";
		};
/* End PBXVariantGroup section */

/* Begin XCBuildConfiguration section */
		59AC727025DD5B2A00D07554 /* Debug */ = {
			isa = XCBuildConfiguration;
			buildSettings = {
				ALWAYS_SEARCH_USER_PATHS = NO;
				CLANG_ANALYZER_NONNULL = YES;
				CLANG_ANALYZER_NUMBER_OBJECT_CONVERSION = YES_AGGRESSIVE;
				CLANG_CXX_LANGUAGE_STANDARD = "gnu++14";
				CLANG_CXX_LIBRARY = "libc++";
				CLANG_ENABLE_MODULES = YES;
				CLANG_ENABLE_OBJC_ARC = YES;
				CLANG_ENABLE_OBJC_WEAK = YES;
				CLANG_WARN_BLOCK_CAPTURE_AUTORELEASING = YES;
				CLANG_WARN_BOOL_CONVERSION = YES;
				CLANG_WARN_COMMA = YES;
				CLANG_WARN_CONSTANT_CONVERSION = YES;
				CLANG_WARN_DEPRECATED_OBJC_IMPLEMENTATIONS = YES;
				CLANG_WARN_DIRECT_OBJC_ISA_USAGE = YES_ERROR;
				CLANG_WARN_DOCUMENTATION_COMMENTS = YES;
				CLANG_WARN_EMPTY_BODY = YES;
				CLANG_WARN_ENUM_CONVERSION = YES;
				CLANG_WARN_INFINITE_RECURSION = YES;
				CLANG_WARN_INT_CONVERSION = YES;
				CLANG_WARN_NON_LITERAL_NULL_CONVERSION = YES;
				CLANG_WARN_OBJC_IMPLICIT_RETAIN_SELF = YES;
				CLANG_WARN_OBJC_LITERAL_CONVERSION = YES;
				CLANG_WARN_OBJC_ROOT_CLASS = YES_ERROR;
				CLANG_WARN_RANGE_LOOP_ANALYSIS = YES;
				CLANG_WARN_STRICT_PROTOTYPES = YES;
				CLANG_WARN_SUSPICIOUS_MOVE = YES;
				CLANG_WARN_UNGUARDED_AVAILABILITY = YES_AGGRESSIVE;
				CLANG_WARN_UNREACHABLE_CODE = YES;
				CLANG_WARN__DUPLICATE_METHOD_MATCH = YES;
				COPY_PHASE_STRIP = NO;
				DEBUG_INFORMATION_FORMAT = dwarf;
				ENABLE_STRICT_OBJC_MSGSEND = YES;
				ENABLE_TESTABILITY = YES;
				GCC_C_LANGUAGE_STANDARD = gnu11;
				GCC_DYNAMIC_NO_PIC = NO;
				GCC_NO_COMMON_BLOCKS = YES;
				GCC_OPTIMIZATION_LEVEL = 0;
				GCC_PREPROCESSOR_DEFINITIONS = (
					"DEBUG=1",
					"$(inherited)",
				);
				GCC_WARN_64_TO_32_BIT_CONVERSION = YES;
				GCC_WARN_ABOUT_RETURN_TYPE = YES_ERROR;
				GCC_WARN_UNDECLARED_SELECTOR = YES;
				GCC_WARN_UNINITIALIZED_AUTOS = YES_AGGRESSIVE;
				GCC_WARN_UNUSED_FUNCTION = YES;
				GCC_WARN_UNUSED_VARIABLE = YES;
				IPHONEOS_DEPLOYMENT_TARGET = 13.6;
				MTL_ENABLE_DEBUG_INFO = INCLUDE_SOURCE;
				MTL_FAST_MATH = YES;
				ONLY_ACTIVE_ARCH = YES;
				SDKROOT = iphoneos;
				SWIFT_ACTIVE_COMPILATION_CONDITIONS = DEBUG;
				SWIFT_OPTIMIZATION_LEVEL = "-Onone";
			};
			name = Debug;
		};
		59AC727125DD5B2A00D07554 /* Release */ = {
			isa = XCBuildConfiguration;
			buildSettings = {
				ALWAYS_SEARCH_USER_PATHS = NO;
				CLANG_ANALYZER_NONNULL = YES;
				CLANG_ANALYZER_NUMBER_OBJECT_CONVERSION = YES_AGGRESSIVE;
				CLANG_CXX_LANGUAGE_STANDARD = "gnu++14";
				CLANG_CXX_LIBRARY = "libc++";
				CLANG_ENABLE_MODULES = YES;
				CLANG_ENABLE_OBJC_ARC = YES;
				CLANG_ENABLE_OBJC_WEAK = YES;
				CLANG_WARN_BLOCK_CAPTURE_AUTORELEASING = YES;
				CLANG_WARN_BOOL_CONVERSION = YES;
				CLANG_WARN_COMMA = YES;
				CLANG_WARN_CONSTANT_CONVERSION = YES;
				CLANG_WARN_DEPRECATED_OBJC_IMPLEMENTATIONS = YES;
				CLANG_WARN_DIRECT_OBJC_ISA_USAGE = YES_ERROR;
				CLANG_WARN_DOCUMENTATION_COMMENTS = YES;
				CLANG_WARN_EMPTY_BODY = YES;
				CLANG_WARN_ENUM_CONVERSION = YES;
				CLANG_WARN_INFINITE_RECURSION = YES;
				CLANG_WARN_INT_CONVERSION = YES;
				CLANG_WARN_NON_LITERAL_NULL_CONVERSION = YES;
				CLANG_WARN_OBJC_IMPLICIT_RETAIN_SELF = YES;
				CLANG_WARN_OBJC_LITERAL_CONVERSION = YES;
				CLANG_WARN_OBJC_ROOT_CLASS = YES_ERROR;
				CLANG_WARN_RANGE_LOOP_ANALYSIS = YES;
				CLANG_WARN_STRICT_PROTOTYPES = YES;
				CLANG_WARN_SUSPICIOUS_MOVE = YES;
				CLANG_WARN_UNGUARDED_AVAILABILITY = YES_AGGRESSIVE;
				CLANG_WARN_UNREACHABLE_CODE = YES;
				CLANG_WARN__DUPLICATE_METHOD_MATCH = YES;
				COPY_PHASE_STRIP = NO;
				DEBUG_INFORMATION_FORMAT = "dwarf-with-dsym";
				ENABLE_NS_ASSERTIONS = NO;
				ENABLE_STRICT_OBJC_MSGSEND = YES;
				GCC_C_LANGUAGE_STANDARD = gnu11;
				GCC_NO_COMMON_BLOCKS = YES;
				GCC_WARN_64_TO_32_BIT_CONVERSION = YES;
				GCC_WARN_ABOUT_RETURN_TYPE = YES_ERROR;
				GCC_WARN_UNDECLARED_SELECTOR = YES;
				GCC_WARN_UNINITIALIZED_AUTOS = YES_AGGRESSIVE;
				GCC_WARN_UNUSED_FUNCTION = YES;
				GCC_WARN_UNUSED_VARIABLE = YES;
				IPHONEOS_DEPLOYMENT_TARGET = 13.6;
				MTL_ENABLE_DEBUG_INFO = NO;
				MTL_FAST_MATH = YES;
				SDKROOT = iphoneos;
				SWIFT_COMPILATION_MODE = wholemodule;
				SWIFT_OPTIMIZATION_LEVEL = "-O";
				VALIDATE_PRODUCT = YES;
			};
			name = Release;
		};
		59AC727325DD5B2A00D07554 /* Debug */ = {
			isa = XCBuildConfiguration;
			baseConfigurationReference = 7144F28D996C8F3D44A7EAA7 /* Pods-FlixterApp.debug.xcconfig */;
			buildSettings = {
				ASSETCATALOG_COMPILER_APPICON_NAME = AppIcon;
				CODE_SIGN_STYLE = Automatic;
				DEVELOPMENT_TEAM = 8DRTBG2T3H;
				INFOPLIST_FILE = FlixterApp/Info.plist;
				LD_RUNPATH_SEARCH_PATHS = (
					"$(inherited)",
					"@executable_path/Frameworks",
				);
				PRODUCT_BUNDLE_IDENTIFIER = com.ceydaiyimaya.FlixterApp;
				PRODUCT_NAME = "$(TARGET_NAME)";
				SWIFT_VERSION = 5.0;
				TARGETED_DEVICE_FAMILY = "1,2";
			};
			name = Debug;
		};
		59AC727425DD5B2A00D07554 /* Release */ = {
			isa = XCBuildConfiguration;
			baseConfigurationReference = E4C485EA108D13FBD76C8676 /* Pods-FlixterApp.release.xcconfig */;
			buildSettings = {
				ASSETCATALOG_COMPILER_APPICON_NAME = AppIcon;
				CODE_SIGN_STYLE = Automatic;
				DEVELOPMENT_TEAM = 8DRTBG2T3H;
				INFOPLIST_FILE = FlixterApp/Info.plist;
				LD_RUNPATH_SEARCH_PATHS = (
					"$(inherited)",
					"@executable_path/Frameworks",
				);
				PRODUCT_BUNDLE_IDENTIFIER = com.ceydaiyimaya.FlixterApp;
				PRODUCT_NAME = "$(TARGET_NAME)";
				SWIFT_VERSION = 5.0;
				TARGETED_DEVICE_FAMILY = "1,2";
			};
			name = Release;
		};
/* End XCBuildConfiguration section */

/* Begin XCConfigurationList section */
		59AC725925DD5B2600D07554 /* Build configuration list for PBXProject "FlixterApp" */ = {
			isa = XCConfigurationList;
			buildConfigurations = (
				59AC727025DD5B2A00D07554 /* Debug */,
				59AC727125DD5B2A00D07554 /* Release */,
			);
			defaultConfigurationIsVisible = 0;
			defaultConfigurationName = Release;
		};
		59AC727225DD5B2A00D07554 /* Build configuration list for PBXNativeTarget "FlixterApp" */ = {
			isa = XCConfigurationList;
			buildConfigurations = (
				59AC727325DD5B2A00D07554 /* Debug */,
				59AC727425DD5B2A00D07554 /* Release */,
			);
			defaultConfigurationIsVisible = 0;
			defaultConfigurationName = Release;
		};
/* End XCConfigurationList section */
	};
	rootObject = 59AC725625DD5B2600D07554 /* Project object */;
}
